
Microsoft Visual Studio Solution File, Format Version 12.00
# Visual Studio Version 17
VisualStudioVersion = 17.13.35919.96 d17.13
MinimumVisualStudioVersion = 10.0.40219.1
Project("{FAE04EC0-301F-11D3-BF4B-00C04F79EFBC}") = "Dsw2025Ej14.Api", "Dsw2025Ej14\Dsw2025Ej14.Api.csproj", "{DA94D5AA-32CC-4E3C-8859-D0E1A1E6439D}"
EndProject
Global
	GlobalSection(SolutionConfigurationPlatforms) = preSolution
		Debug|Any CPU = Debug|Any CPU
		Release|Any CPU = Release|Any CPU
	EndGlobalSection
	GlobalSection(ProjectConfigurationPlatforms) = postSolution
		{DA94D5AA-32CC-4E3C-8859-D0E1A1E6439D}.Debug|Any CPU.ActiveCfg = Debug|Any CPU
		{DA94D5AA-32CC-4E3C-8859-D0E1A1E6439D}.Debug|Any CPU.Build.0 = Debug|Any CPU
		{DA94D5AA-32CC-4E3C-8859-D0E1A1E6439D}.Release|Any CPU.ActiveCfg = Release|Any CPU
		{DA94D5AA-32CC-4E3C-8859-D0E1A1E6439D}.Release|Any CPU.Build.0 = Release|Any CPU
	EndGlobalSection
	GlobalSection(SolutionProperties) = preSolution
		HideSolutionNode = FALSE
	EndGlobalSection
	GlobalSection(ExtensibilityGlobals) = postSolution
		SolutionGuid = {3D9DBEA0-CEF7-4254-9FFD-9603CEF5A634}
	EndGlobalSection
EndGlobal
